# This file is generated by running "yarn install" inside your project.
# Manual changes might be lost - proceed with caution!

__metadata:
  version: 8
  cacheKey: 10c0

"earcut@npm:^3.0.0":
  version: 3.0.0
  resolution: "earcut@npm:3.0.0"
  checksum: 10c0/20f3d8492f02452648466d2ce98276c9317c4d6980fc2596b1cb119fc3ef2d034724c5721de2af191331fb43610a27995b0f1b611d3386976b770ae9af7b3bbe
  languageName: node
  linkType: hard

"lz4js@npm:^0.2.0":
  version: 0.2.0
  resolution: "lz4js@npm:0.2.0"
  checksum: 10c0/73c6dd5117a6fa465e6be1bd5ae34ef4f02e4eb164a47d77f8c2483ccdde43cbdf8509a5e5a4480ef812e5c7a2cb946e026b9c784533775ee5c91861edaefb39
  languageName: node
  linkType: hard

"opentype.js@npm:^1.3.4":
  version: 1.3.4
  resolution: "opentype.js@npm:1.3.4"
  dependencies:
    string.prototype.codepointat: "npm:^0.2.1"
    tiny-inflate: "npm:^1.0.3"
  bin:
    ot: bin/ot
  checksum: 10c0/7de1c175c439a648f32f5113c619cdcd7ae09096cb791b5b1b8b24afdaf76ccdf8938297dab61ded48e032e8ebb54bcf444eedef562498f7e241dbebcf3da2f6
  languageName: node
  linkType: hard

"string.prototype.codepointat@npm:^0.2.1":
  version: 0.2.1
  resolution: "string.prototype.codepointat@npm:0.2.1"
  checksum: 10c0/83c4d2f83b6f3f8f377e0b36628b74a9efcaf5a725e6fb6354f15f30f0399c8f4b08956df883877b2b0f50dd2e644ed7e8b1f6d45bdee2dc5b3f4248796607fa
  languageName: node
  linkType: hard

"tiny-inflate@npm:^1.0.3":
  version: 1.0.3
  resolution: "tiny-inflate@npm:1.0.3"
  checksum: 10c0/fab687537254f6ec44c9a2e880048fe70da3542aba28f73cda3e74c95cabf342a339372f2a6c032e322324f01accc03ca26c04ba2bad9b3eb8cf3ee99bba7f9b
  languageName: node
  linkType: hard

"ttf-to-ascf@workspace:.":
  version: 0.0.0-use.local
  resolution: "ttf-to-ascf@workspace:."
  dependencies:
    earcut: "npm:^3.0.0"
    lz4js: "npm:^0.2.0"
    opentype.js: "npm:^1.3.4"
  languageName: unknown
  linkType: soft
